
Microsoft Visual Studio Solution File, Format Version 12.00
# Visual Studio Version 16
VisualStudioVersion = 16.0.30104.148
MinimumVisualStudioVersion = 10.0.40219.1
Project("{FAE04EC0-301F-11D3-BF4B-00C04F79EFBC}") = "AutomateAnythingEverything.Bot", "AutomateAnythingEverything.Bot\AutomateAnythingEverything.Bot.csproj", "{C7CA35A2-2C51-41FC-B9B9-CABC02B8890E}"
EndProject
Global
	GlobalSection(SolutionConfigurationPlatforms) = preSolution
		Debug|Any CPU = Debug|Any CPU
		Release|Any CPU = Release|Any CPU
	EndGlobalSection
	GlobalSection(ProjectConfigurationPlatforms) = postSolution
		{C7CA35A2-2C51-41FC-B9B9-CABC02B8890E}.Debug|Any CPU.ActiveCfg = Debug|Any CPU
		{C7CA35A2-2C51-41FC-B9B9-CABC02B8890E}.Debug|Any CPU.Build.0 = Debug|Any CPU
		{C7CA35A2-2C51-41FC-B9B9-CABC02B8890E}.Release|Any CPU.ActiveCfg = Release|Any CPU
		{C7CA35A2-2C51-41FC-B9B9-CABC02B8890E}.Release|Any CPU.Build.0 = Release|Any CPU
	EndGlobalSection
	GlobalSection(SolutionProperties) = preSolution
		HideSolutionNode = FALSE
	EndGlobalSection
	GlobalSection(ExtensibilityGlobals) = postSolution
		SolutionGuid = {8A83A45D-4EA8-463E-85CD-D05E5908F279}
	EndGlobalSection
EndGlobal
